// !$*UTF8*$!
{
	archiveVersion = 1;
	classes = {
	};
	objectVersion = 46;
	objects = {

/* Begin PBXBuildFile section */
		FB14FB0A1F048D61000F0F7E /* SearchingTableViewCell.swift in Sources */ = {isa = PBXBuildFile; fileRef = FB14FB091F048D60000F0F7E /* SearchingTableViewCell.swift */; };
		FB20FAAC1EFEB9DC007CB81B /* AppDelegate.swift in Sources */ = {isa = PBXBuildFile; fileRef = FB20FAAB1EFEB9DC007CB81B /* AppDelegate.swift */; };
		FB20FAAE1EFEB9DC007CB81B /* ItemsSearchViewController.swift in Sources */ = {isa = PBXBuildFile; fileRef = FB20FAAD1EFEB9DC007CB81B /* ItemsSearchViewController.swift */; };
		FB20FAB11EFEB9DC007CB81B /* Main.storyboard in Resources */ = {isa = PBXBuildFile; fileRef = FB20FAAF1EFEB9DC007CB81B /* Main.storyboard */; };
		FB20FAB31EFEB9DC007CB81B /* Assets.xcassets in Resources */ = {isa = PBXBuildFile; fileRef = FB20FAB21EFEB9DC007CB81B /* Assets.xcassets */; };
		FB20FAB61EFEB9DC007CB81B /* LaunchScreen.storyboard in Resources */ = {isa = PBXBuildFile; fileRef = FB20FAB41EFEB9DC007CB81B /* LaunchScreen.storyboard */; };
		FB20FAD61EFECFA4007CB81B /* olxItemsTests.swift in Sources */ = {isa = PBXBuildFile; fileRef = FB20FAD51EFECFA4007CB81B /* olxItemsTests.swift */; };
		FB24D8D21F02E2A9007DE46F /* Alamofire.framework in Frameworks */ = {isa = PBXBuildFile; fileRef = FB24D8CF1F02E2A9007DE46F /* Alamofire.framework */; };
		FB24D8D31F02E2A9007DE46F /* Alamofire.framework in Frameworks */ = {isa = PBXBuildFile; fileRef = FB24D8CF1F02E2A9007DE46F /* Alamofire.framework */; };
		FB24D8D41F02E2A9007DE46F /* RxCocoa.framework in Frameworks */ = {isa = PBXBuildFile; fileRef = FB24D8D01F02E2A9007DE46F /* RxCocoa.framework */; };
		FB24D8D51F02E2A9007DE46F /* RxCocoa.framework in Frameworks */ = {isa = PBXBuildFile; fileRef = FB24D8D01F02E2A9007DE46F /* RxCocoa.framework */; };
		FB24D8D61F02E2A9007DE46F /* RxSwift.framework in Frameworks */ = {isa = PBXBuildFile; fileRef = FB24D8D11F02E2A9007DE46F /* RxSwift.framework */; };
		FB24D8D71F02E2A9007DE46F /* RxSwift.framework in Frameworks */ = {isa = PBXBuildFile; fileRef = FB24D8D11F02E2A9007DE46F /* RxSwift.framework */; };
		FB24D8D91F02E6E6007DE46F /* ItemTableViewCell.swift in Sources */ = {isa = PBXBuildFile; fileRef = FB24D8D81F02E6E6007DE46F /* ItemTableViewCell.swift */; };
		FB8C36081F00185D00CBFB46 /* Item.swift in Sources */ = {isa = PBXBuildFile; fileRef = FB8C36071F00185D00CBFB46 /* Item.swift */; };
		FB8C360A1F0018DD00CBFB46 /* ItemsManager.swift in Sources */ = {isa = PBXBuildFile; fileRef = FB8C36091F0018DD00CBFB46 /* ItemsManager.swift */; };
		FB8C360C1F001CFD00CBFB46 /* Network.swift in Sources */ = {isa = PBXBuildFile; fileRef = FB8C360B1F001CFD00CBFB46 /* Network.swift */; };
		FB8C36101F00203E00CBFB46 /* ItemsSearchViewModel.swift in Sources */ = {isa = PBXBuildFile; fileRef = FB8C360F1F00203E00CBFB46 /* ItemsSearchViewModel.swift */; };
		FB8C36131F00208200CBFB46 /* Reachability.swift in Sources */ = {isa = PBXBuildFile; fileRef = FB8C36121F00208200CBFB46 /* Reachability.swift */; };
		FB8C36151F00223D00CBFB46 /* Constants.swift in Sources */ = {isa = PBXBuildFile; fileRef = FB8C36141F00223D00CBFB46 /* Constants.swift */; };
/* End PBXBuildFile section */

/* Begin PBXContainerItemProxy section */
		FB20FAD81EFECFA4007CB81B /* PBXContainerItemProxy */ = {
			isa = PBXContainerItemProxy;
			containerPortal = FB20FAA01EFEB9DC007CB81B /* Project object */;
			proxyType = 1;
			remoteGlobalIDString = FB20FAA71EFEB9DC007CB81B;
			remoteInfo = olxItems;
		};
/* End PBXContainerItemProxy section */

/* Begin PBXFileReference section */
		FB14FB091F048D60000F0F7E /* SearchingTableViewCell.swift */ = {isa = PBXFileReference; fileEncoding = 4; lastKnownFileType = sourcecode.swift; path = SearchingTableViewCell.swift; sourceTree = "<group>"; };
		FB20FAA81EFEB9DC007CB81B /* olxItems.app */ = {isa = PBXFileReference; explicitFileType = wrapper.application; includeInIndex = 0; path = olxItems.app; sourceTree = BUILT_PRODUCTS_DIR; };
		FB20FAAB1EFEB9DC007CB81B /* AppDelegate.swift */ = {isa = PBXFileReference; lastKnownFileType = sourcecode.swift; path = AppDelegate.swift; sourceTree = "<group>"; };
		FB20FAAD1EFEB9DC007CB81B /* ItemsSearchViewController.swift */ = {isa = PBXFileReference; lastKnownFileType = sourcecode.swift; path = ItemsSearchViewController.swift; sourceTree = "<group>"; };
		FB20FAB01EFEB9DC007CB81B /* Base */ = {isa = PBXFileReference; lastKnownFileType = file.storyboard; name = Base; path = Base.lproj/Main.storyboard; sourceTree = "<group>"; };
		FB20FAB21EFEB9DC007CB81B /* Assets.xcassets */ = {isa = PBXFileReference; lastKnownFileType = folder.assetcatalog; path = Assets.xcassets; sourceTree = "<group>"; };
		FB20FAB51EFEB9DC007CB81B /* Base */ = {isa = PBXFileReference; lastKnownFileType = file.storyboard; name = Base; path = Base.lproj/LaunchScreen.storyboard; sourceTree = "<group>"; };
		FB20FAB71EFEB9DC007CB81B /* Info.plist */ = {isa = PBXFileReference; lastKnownFileType = text.plist.xml; path = Info.plist; sourceTree = "<group>"; };
		FB20FAD31EFECFA4007CB81B /* olxItemsTests.xctest */ = {isa = PBXFileReference; explicitFileType = wrapper.cfbundle; includeInIndex = 0; path = olxItemsTests.xctest; sourceTree = BUILT_PRODUCTS_DIR; };
		FB20FAD51EFECFA4007CB81B /* olxItemsTests.swift */ = {isa = PBXFileReference; lastKnownFileType = sourcecode.swift; path = olxItemsTests.swift; sourceTree = "<group>"; };
		FB20FAD71EFECFA4007CB81B /* Info.plist */ = {isa = PBXFileReference; lastKnownFileType = text.plist.xml; path = Info.plist; sourceTree = "<group>"; };
		FB24D8CF1F02E2A9007DE46F /* Alamofire.framework */ = {isa = PBXFileReference; lastKnownFileType = wrapper.framework; name = Alamofire.framework; path = Carthage/Build/iOS/Alamofire.framework; sourceTree = "<group>"; };
		FB24D8D01F02E2A9007DE46F /* RxCocoa.framework */ = {isa = PBXFileReference; lastKnownFileType = wrapper.framework; name = RxCocoa.framework; path = Carthage/Build/iOS/RxCocoa.framework; sourceTree = "<group>"; };
		FB24D8D11F02E2A9007DE46F /* RxSwift.framework */ = {isa = PBXFileReference; lastKnownFileType = wrapper.framework; name = RxSwift.framework; path = Carthage/Build/iOS/RxSwift.framework; sourceTree = "<group>"; };
		FB24D8D81F02E6E6007DE46F /* ItemTableViewCell.swift */ = {isa = PBXFileReference; fileEncoding = 4; lastKnownFileType = sourcecode.swift; path = ItemTableViewCell.swift; sourceTree = "<group>"; };
		FB8C36071F00185D00CBFB46 /* Item.swift */ = {isa = PBXFileReference; fileEncoding = 4; lastKnownFileType = sourcecode.swift; path = Item.swift; sourceTree = "<group>"; };
		FB8C36091F0018DD00CBFB46 /* ItemsManager.swift */ = {isa = PBXFileReference; fileEncoding = 4; lastKnownFileType = sourcecode.swift; path = ItemsManager.swift; sourceTree = "<group>"; };
		FB8C360B1F001CFD00CBFB46 /* Network.swift */ = {isa = PBXFileReference; fileEncoding = 4; lastKnownFileType = sourcecode.swift; path = Network.swift; sourceTree = "<group>"; };
		FB8C360F1F00203E00CBFB46 /* ItemsSearchViewModel.swift */ = {isa = PBXFileReference; fileEncoding = 4; lastKnownFileType = sourcecode.swift; path = ItemsSearchViewModel.swift; sourceTree = "<group>"; };
		FB8C36121F00208200CBFB46 /* Reachability.swift */ = {isa = PBXFileReference; fileEncoding = 4; lastKnownFileType = sourcecode.swift; path = Reachability.swift; sourceTree = "<group>"; };
		FB8C36141F00223D00CBFB46 /* Constants.swift */ = {isa = PBXFileReference; fileEncoding = 4; lastKnownFileType = sourcecode.swift; path = Constants.swift; sourceTree = "<group>"; };
/* End PBXFileReference section */

/* Begin PBXFrameworksBuildPhase section */
		FB20FAA51EFEB9DC007CB81B /* Frameworks */ = {
			isa = PBXFrameworksBuildPhase;
			buildActionMask = 2147483647;
			files = (
				FB24D8D41F02E2A9007DE46F /* RxCocoa.framework in Frameworks */,
				FB24D8D21F02E2A9007DE46F /* Alamofire.framework in Frameworks */,
				FB24D8D61F02E2A9007DE46F /* RxSwift.framework in Frameworks */,
			);
			runOnlyForDeploymentPostprocessing = 0;
		};
		FB20FAD01EFECFA4007CB81B /* Frameworks */ = {
			isa = PBXFrameworksBuildPhase;
			buildActionMask = 2147483647;
			files = (
				FB24D8D51F02E2A9007DE46F /* RxCocoa.framework in Frameworks */,
				FB24D8D31F02E2A9007DE46F /* Alamofire.framework in Frameworks */,
				FB24D8D71F02E2A9007DE46F /* RxSwift.framework in Frameworks */,
			);
			runOnlyForDeploymentPostprocessing = 0;
		};
/* End PBXFrameworksBuildPhase section */

/* Begin PBXGroup section */
		FB20FA9F1EFEB9DC007CB81B = {
			isa = PBXGroup;
			children = (
				FB20FAAA1EFEB9DC007CB81B /* olxItems */,
				FB20FAD41EFECFA4007CB81B /* olxItemsTests */,
				FB20FAA91EFEB9DC007CB81B /* Products */,
				FB20FABE1EFEC7B0007CB81B /* Frameworks */,
			);
			sourceTree = "<group>";
		};
		FB20FAA91EFEB9DC007CB81B /* Products */ = {
			isa = PBXGroup;
			children = (
				FB20FAA81EFEB9DC007CB81B /* olxItems.app */,
				FB20FAD31EFECFA4007CB81B /* olxItemsTests.xctest */,
			);
			name = Products;
			sourceTree = "<group>";
		};
		FB20FAAA1EFEB9DC007CB81B /* olxItems */ = {
			isa = PBXGroup;
			children = (
				FB8C36061F00182600CBFB46 /* View */,
				FB8C36041F00180D00CBFB46 /* ViewControllers */,
				FB8C36051F00181500CBFB46 /* ViewModel */,
				FB8C36031F00180400CBFB46 /* Model */,
				FB20FAAB1EFEB9DC007CB81B /* AppDelegate.swift */,
				FB20FAAF1EFEB9DC007CB81B /* Main.storyboard */,
				FB20FAB21EFEB9DC007CB81B /* Assets.xcassets */,
				FB20FAB41EFEB9DC007CB81B /* LaunchScreen.storyboard */,
				FB20FAB71EFEB9DC007CB81B /* Info.plist */,
			);
			path = olxItems;
			sourceTree = "<group>";
		};
		FB20FABE1EFEC7B0007CB81B /* Frameworks */ = {
			isa = PBXGroup;
			children = (
				FB24D8CF1F02E2A9007DE46F /* Alamofire.framework */,
				FB24D8D01F02E2A9007DE46F /* RxCocoa.framework */,
				FB24D8D11F02E2A9007DE46F /* RxSwift.framework */,
			);
			name = Frameworks;
			sourceTree = "<group>";
		};
		FB20FAD41EFECFA4007CB81B /* olxItemsTests */ = {
			isa = PBXGroup;
			children = (
				FB20FAD51EFECFA4007CB81B /* olxItemsTests.swift */,
				FB20FAD71EFECFA4007CB81B /* Info.plist */,
			);
			path = olxItemsTests;
			sourceTree = "<group>";
		};
		FB8C36031F00180400CBFB46 /* Model */ = {
			isa = PBXGroup;
			children = (
				FB8C36071F00185D00CBFB46 /* Item.swift */,
				FB8C36141F00223D00CBFB46 /* Constants.swift */,
			);
			name = Model;
			sourceTree = "<group>";
		};
		FB8C36041F00180D00CBFB46 /* ViewControllers */ = {
			isa = PBXGroup;
			children = (
				FB20FAAD1EFEB9DC007CB81B /* ItemsSearchViewController.swift */,
			);
			name = ViewControllers;
			sourceTree = "<group>";
		};
		FB8C36051F00181500CBFB46 /* ViewModel */ = {
			isa = PBXGroup;
			children = (
				FB8C36111F00204C00CBFB46 /* Items */,
				FB8C360B1F001CFD00CBFB46 /* Network.swift */,
				FB8C36121F00208200CBFB46 /* Reachability.swift */,
			);
			name = ViewModel;
			sourceTree = "<group>";
		};
		FB8C36061F00182600CBFB46 /* View */ = {
			isa = PBXGroup;
			children = (
				FB24D8D81F02E6E6007DE46F /* ItemTableViewCell.swift */,
				FB14FB091F048D60000F0F7E /* SearchingTableViewCell.swift */,
			);
			name = View;
			sourceTree = "<group>";
		};
		FB8C36111F00204C00CBFB46 /* Items */ = {
			isa = PBXGroup;
			children = (
				FB8C360F1F00203E00CBFB46 /* ItemsSearchViewModel.swift */,
				FB8C36091F0018DD00CBFB46 /* ItemsManager.swift */,
			);
			name = Items;
			sourceTree = "<group>";
		};
/* End PBXGroup section */

/* Begin PBXNativeTarget section */
		FB20FAA71EFEB9DC007CB81B /* olxItems */ = {
			isa = PBXNativeTarget;
			buildConfigurationList = FB20FABA1EFEB9DC007CB81B /* Build configuration list for PBXNativeTarget "olxItems" */;
			buildPhases = (
				FB20FAA41EFEB9DC007CB81B /* Sources */,
				FB20FAA51EFEB9DC007CB81B /* Frameworks */,
				FB20FAA61EFEB9DC007CB81B /* Resources */,
				FB20FAE51EFED3AD007CB81B /* ShellScript */,
			);
			buildRules = (
			);
			dependencies = (
			);
			name = olxItems;
			productName = olxItems;
			productReference = FB20FAA81EFEB9DC007CB81B /* olxItems.app */;
			productType = "com.apple.product-type.application";
		};
		FB20FAD21EFECFA4007CB81B /* olxItemsTests */ = {
			isa = PBXNativeTarget;
			buildConfigurationList = FB20FADA1EFECFA4007CB81B /* Build configuration list for PBXNativeTarget "olxItemsTests" */;
			buildPhases = (
				FB20FACF1EFECFA4007CB81B /* Sources */,
				FB20FAD01EFECFA4007CB81B /* Frameworks */,
				FB20FAD11EFECFA4007CB81B /* Resources */,
				FB24D8CE1F02E169007DE46F /* ShellScript */,
			);
			buildRules = (
			);
			dependencies = (
				FB20FAD91EFECFA4007CB81B /* PBXTargetDependency */,
			);
			name = olxItemsTests;
			productName = olxItemsTests;
			productReference = FB20FAD31EFECFA4007CB81B /* olxItemsTests.xctest */;
			productType = "com.apple.product-type.bundle.unit-test";
		};
/* End PBXNativeTarget section */

/* Begin PBXProject section */
		FB20FAA01EFEB9DC007CB81B /* Project object */ = {
			isa = PBXProject;
			attributes = {
				LastSwiftUpdateCheck = 0830;
				LastUpgradeCheck = 0830;
				ORGANIZATIONNAME = dansTeam;
				TargetAttributes = {
					FB20FAA71EFEB9DC007CB81B = {
						CreatedOnToolsVersion = 8.3.1;
						DevelopmentTeam = AEWQUX8MPM;
						ProvisioningStyle = Automatic;
					};
					FB20FAD21EFECFA4007CB81B = {
						CreatedOnToolsVersion = 8.3.1;
						DevelopmentTeam = AEWQUX8MPM;
						ProvisioningStyle = Automatic;
						TestTargetID = FB20FAA71EFEB9DC007CB81B;
					};
				};
			};
			buildConfigurationList = FB20FAA31EFEB9DC007CB81B /* Build configuration list for PBXProject "olxItems" */;
			compatibilityVersion = "Xcode 3.2";
			developmentRegion = English;
			hasScannedForEncodings = 0;
			knownRegions = (
				en,
				Base,
			);
			mainGroup = FB20FA9F1EFEB9DC007CB81B;
			productRefGroup = FB20FAA91EFEB9DC007CB81B /* Products */;
			projectDirPath = "";
			projectRoot = "";
			targets = (
				FB20FAA71EFEB9DC007CB81B /* olxItems */,
				FB20FAD21EFECFA4007CB81B /* olxItemsTests */,
			);
		};
/* End PBXProject section */

/* Begin PBXResourcesBuildPhase section */
		FB20FAA61EFEB9DC007CB81B /* Resources */ = {
			isa = PBXResourcesBuildPhase;
			buildActionMask = 2147483647;
			files = (
				FB20FAB61EFEB9DC007CB81B /* LaunchScreen.storyboard in Resources */,
				FB20FAB31EFEB9DC007CB81B /* Assets.xcassets in Resources */,
				FB20FAB11EFEB9DC007CB81B /* Main.storyboard in Resources */,
			);
			runOnlyForDeploymentPostprocessing = 0;
		};
		FB20FAD11EFECFA4007CB81B /* Resources */ = {
			isa = PBXResourcesBuildPhase;
			buildActionMask = 2147483647;
			files = (
			);
			runOnlyForDeploymentPostprocessing = 0;
		};
/* End PBXResourcesBuildPhase section */

/* Begin PBXShellScriptBuildPhase section */
		FB20FAE51EFED3AD007CB81B /* ShellScript */ = {
			isa = PBXShellScriptBuildPhase;
			buildActionMask = 2147483647;
			files = (
			);
			inputPaths = (
				"$(SRCROOT)/Carthage/Build/iOS/Alamofire.framework",
				"$(SRCROOT)/Carthage/Build/iOS/RxCocoa.framework",
				"$(SRCROOT)/Carthage/Build/iOS/RxSwift.framework",
			);
			outputPaths = (
				"$(BUILT_PRODUCTS_DIR)/$(FRAMEWORKS_FOLDER_PATH)/Alamofire.framework",
				"$(BUILT_PRODUCTS_DIR)/$(FRAMEWORKS_FOLDER_PATH)/RxCocoa.framework",
				"$(BUILT_PRODUCTS_DIR)/$(FRAMEWORKS_FOLDER_PATH)/RxSwift.framework",
			);
			runOnlyForDeploymentPostprocessing = 0;
			shellPath = /bin/sh;
			shellScript = "/usr/local/bin/carthage copy-frameworks";
		};
		FB24D8CE1F02E169007DE46F /* ShellScript */ = {
			isa = PBXShellScriptBuildPhase;
			buildActionMask = 2147483647;
			files = (
			);
			inputPaths = (
				"$(SRCROOT)/Carthage/Build/iOS/Alamofire.framework",
				"$(SRCROOT)/Carthage/Build/iOS/RxCocoa.framework",
				"$(SRCROOT)/Carthage/Build/iOS/RxSwift.framework",
			);
			outputPaths = (
				"$(BUILT_PRODUCTS_DIR)/$(FRAMEWORKS_FOLDER_PATH)/Alamofire.framework",
				"$(BUILT_PRODUCTS_DIR)/$(FRAMEWORKS_FOLDER_PATH)/RxCocoa.framework",
				"$(BUILT_PRODUCTS_DIR)/$(FRAMEWORKS_FOLDER_PATH)/RxSwift.framework",
			);
			runOnlyForDeploymentPostprocessing = 0;
			shellPath = /bin/sh;
			shellScript = "/usr/local/bin/carthage copy-frameworks";
		};
/* End PBXShellScriptBuildPhase section */

/* Begin PBXSourcesBuildPhase section */
		FB20FAA41EFEB9DC007CB81B /* Sources */ = {
			isa = PBXSourcesBuildPhase;
			buildActionMask = 2147483647;
			files = (
				FB8C360C1F001CFD00CBFB46 /* Network.swift in Sources */,
				FB24D8D91F02E6E6007DE46F /* ItemTableViewCell.swift in Sources */,
				FB20FAAE1EFEB9DC007CB81B /* ItemsSearchViewController.swift in Sources */,
				FB8C36081F00185D00CBFB46 /* Item.swift in Sources */,
				FB14FB0A1F048D61000F0F7E /* SearchingTableViewCell.swift in Sources */,
				FB8C360A1F0018DD00CBFB46 /* ItemsManager.swift in Sources */,
				FB20FAAC1EFEB9DC007CB81B /* AppDelegate.swift in Sources */,
				FB8C36131F00208200CBFB46 /* Reachability.swift in Sources */,
				FB8C36101F00203E00CBFB46 /* ItemsSearchViewModel.swift in Sources */,
				FB8C36151F00223D00CBFB46 /* Constants.swift in Sources */,
			);
			runOnlyForDeploymentPostprocessing = 0;
		};
		FB20FACF1EFECFA4007CB81B /* Sources */ = {
			isa = PBXSourcesBuildPhase;
			buildActionMask = 2147483647;
			files = (
				FB20FAD61EFECFA4007CB81B /* olxItemsTests.swift in Sources */,
			);
			runOnlyForDeploymentPostprocessing = 0;
		};
/* End PBXSourcesBuildPhase section */

/* Begin PBXTargetDependency section */
		FB20FAD91EFECFA4007CB81B /* PBXTargetDependency */ = {
			isa = PBXTargetDependency;
			target = FB20FAA71EFEB9DC007CB81B /* olxItems */;
			targetProxy = FB20FAD81EFECFA4007CB81B /* PBXContainerItemProxy */;
		};
/* End PBXTargetDependency section */

/* Begin PBXVariantGroup section */
		FB20FAAF1EFEB9DC007CB81B /* Main.storyboard */ = {
			isa = PBXVariantGroup;
			children = (
				FB20FAB01EFEB9DC007CB81B /* Base */,
			);
			name = Main.storyboard;
			sourceTree = "<group>";
		};
		FB20FAB41EFEB9DC007CB81B /* LaunchScreen.storyboard */ = {
			isa = PBXVariantGroup;
			children = (
				FB20FAB51EFEB9DC007CB81B /* Base */,
			);
			name = LaunchScreen.storyboard;
			sourceTree = "<group>";
		};
/* End PBXVariantGroup section */

/* Begin XCBuildConfiguration section */
		FB20FAB81EFEB9DC007CB81B /* Debug */ = {
			isa = XCBuildConfiguration;
			buildSettings = {
				ALWAYS_SEARCH_USER_PATHS = NO;
				CLANG_ANALYZER_NONNULL = YES;
				CLANG_ANALYZER_NUMBER_OBJECT_CONVERSION = YES_AGGRESSIVE;
				CLANG_CXX_LANGUAGE_STANDARD = "gnu++0x";
				CLANG_CXX_LIBRARY = "libc++";
				CLANG_ENABLE_MODULES = YES;
				CLANG_ENABLE_OBJC_ARC = YES;
				CLANG_WARN_BOOL_CONVERSION = YES;
				CLANG_WARN_CONSTANT_CONVERSION = YES;
				CLANG_WARN_DIRECT_OBJC_ISA_USAGE = YES_ERROR;
				CLANG_WARN_DOCUMENTATION_COMMENTS = YES;
				CLANG_WARN_EMPTY_BODY = YES;
				CLANG_WARN_ENUM_CONVERSION = YES;
				CLANG_WARN_INFINITE_RECURSION = YES;
				CLANG_WARN_INT_CONVERSION = YES;
				CLANG_WARN_OBJC_ROOT_CLASS = YES_ERROR;
				CLANG_WARN_SUSPICIOUS_MOVE = YES;
				CLANG_WARN_UNREACHABLE_CODE = YES;
				CLANG_WARN__DUPLICATE_METHOD_MATCH = YES;
				"CODE_SIGN_IDENTITY[sdk=iphoneos*]" = "iPhone Developer";
				COPY_PHASE_STRIP = NO;
				DEBUG_INFORMATION_FORMAT = dwarf;
				ENABLE_STRICT_OBJC_MSGSEND = YES;
				ENABLE_TESTABILITY = YES;
				GCC_C_LANGUAGE_STANDARD = gnu99;
				GCC_DYNAMIC_NO_PIC = NO;
				GCC_NO_COMMON_BLOCKS = YES;
				GCC_OPTIMIZATION_LEVEL = 0;
				GCC_PREPROCESSOR_DEFINITIONS = (
					"DEBUG=1",
					"$(inherited)",
				);
				GCC_WARN_64_TO_32_BIT_CONVERSION = YES;
				GCC_WARN_ABOUT_RETURN_TYPE = YES_ERROR;
				GCC_WARN_UNDECLARED_SELECTOR = YES;
				GCC_WARN_UNINITIALIZED_AUTOS = YES_AGGRESSIVE;
				GCC_WARN_UNUSED_FUNCTION = YES;
				GCC_WARN_UNUSED_VARIABLE = YES;
				IPHONEOS_DEPLOYMENT_TARGET = 9.0;
				MTL_ENABLE_DEBUG_INFO = YES;
				ONLY_ACTIVE_ARCH = YES;
				SDKROOT = iphoneos;
				SWIFT_ACTIVE_COMPILATION_CONDITIONS = DEBUG;
				SWIFT_OPTIMIZATION_LEVEL = "-Onone";
			};
			name = Debug;
		};
		FB20FAB91EFEB9DC007CB81B /* Release */ = {
			isa = XCBuildConfiguration;
			buildSettings = {
				ALWAYS_SEARCH_USER_PATHS = NO;
				CLANG_ANALYZER_NONNULL = YES;
				CLANG_ANALYZER_NUMBER_OBJECT_CONVERSION = YES_AGGRESSIVE;
				CLANG_CXX_LANGUAGE_STANDARD = "gnu++0x";
				CLANG_CXX_LIBRARY = "libc++";
				CLANG_ENABLE_MODULES = YES;
				CLANG_ENABLE_OBJC_ARC = YES;
				CLANG_WARN_BOOL_CONVERSION = YES;
				CLANG_WARN_CONSTANT_CONVERSION = YES;
				CLANG_WARN_DIRECT_OBJC_ISA_USAGE = YES_ERROR;
				CLANG_WARN_DOCUMENTATION_COMMENTS = YES;
				CLANG_WARN_EMPTY_BODY = YES;
				CLANG_WARN_ENUM_CONVERSION = YES;
				CLANG_WARN_INFINITE_RECURSION = YES;
				CLANG_WARN_INT_CONVERSION = YES;
				CLANG_WARN_OBJC_ROOT_CLASS = YES_ERROR;
				CLANG_WARN_SUSPICIOUS_MOVE = YES;
				CLANG_WARN_UNREACHABLE_CODE = YES;
				CLANG_WARN__DUPLICATE_METHOD_MATCH = YES;
				"CODE_SIGN_IDENTITY[sdk=iphoneos*]" = "iPhone Developer";
				COPY_PHASE_STRIP = NO;
				DEBUG_INFORMATION_FORMAT = "dwarf-with-dsym";
				ENABLE_NS_ASSERTIONS = NO;
				ENABLE_STRICT_OBJC_MSGSEND = YES;
				GCC_C_LANGUAGE_STANDARD = gnu99;
				GCC_NO_COMMON_BLOCKS = YES;
				GCC_WARN_64_TO_32_BIT_CONVERSION = YES;
				GCC_WARN_ABOUT_RETURN_TYPE = YES_ERROR;
				GCC_WARN_UNDECLARED_SELECTOR = YES;
				GCC_WARN_UNINITIALIZED_AUTOS = YES_AGGRESSIVE;
				GCC_WARN_UNUSED_FUNCTION = YES;
				GCC_WARN_UNUSED_VARIABLE = YES;
				IPHONEOS_DEPLOYMENT_TARGET = 9.0;
				MTL_ENABLE_DEBUG_INFO = NO;
				SDKROOT = iphoneos;
				SWIFT_OPTIMIZATION_LEVEL = "-Owholemodule";
				VALIDATE_PRODUCT = YES;
			};
			name = Release;
		};
		FB20FABB1EFEB9DC007CB81B /* Debug */ = {
			isa = XCBuildConfiguration;
			buildSettings = {
				ASSETCATALOG_COMPILER_APPICON_NAME = AppIcon;
				DEVELOPMENT_TEAM = AEWQUX8MPM;
				FRAMEWORK_SEARCH_PATHS = (
					"$(SRCROOT)/Carthage/Build/iOS",
					"$(PROJECT_DIR)/Carthage/Build/iOS",
				);
				INFOPLIST_FILE = olxItems/Info.plist;
				IPHONEOS_DEPLOYMENT_TARGET = 9.0;
				LD_RUNPATH_SEARCH_PATHS = "$(inherited) @executable_path/Frameworks";
				PRODUCT_BUNDLE_IDENTIFIER = com.dansTeam.olxItems;
				PRODUCT_NAME = "$(TARGET_NAME)";
				SWIFT_VERSION = 3.0;
			};
			name = Debug;
		};
		FB20FABC1EFEB9DC007CB81B /* Release */ = {
			isa = XCBuildConfiguration;
			buildSettings = {
				ASSETCATALOG_COMPILER_APPICON_NAME = AppIcon;
				DEVELOPMENT_TEAM = AEWQUX8MPM;
				FRAMEWORK_SEARCH_PATHS = (
					"$(SRCROOT)/Carthage/Build/iOS",
					"$(PROJECT_DIR)/Carthage/Build/iOS",
				);
				INFOPLIST_FILE = olxItems/Info.plist;
				IPHONEOS_DEPLOYMENT_TARGET = 9.0;
				LD_RUNPATH_SEARCH_PATHS = "$(inherited) @executable_path/Frameworks";
				PRODUCT_BUNDLE_IDENTIFIER = com.dansTeam.olxItems;
				PRODUCT_NAME = "$(TARGET_NAME)";
				SWIFT_VERSION = 3.0;
			};
			name = Release;
		};
		FB20FADB1EFECFA4007CB81B /* Debug */ = {
			isa = XCBuildConfiguration;
			buildSettings = {
				BUNDLE_LOADER = "$(TEST_HOST)";
				DEVELOPMENT_TEAM = AEWQUX8MPM;
				FRAMEWORK_SEARCH_PATHS = (
					"$(inherited)",
					"$(PROJECT_DIR)/Carthage/Build/iOS",
				);
				INFOPLIST_FILE = olxItemsTests/Info.plist;
				LD_RUNPATH_SEARCH_PATHS = "$(inherited) @executable_path/Frameworks @loader_path/Frameworks";
				PRODUCT_BUNDLE_IDENTIFIER = com.dansTeam.olxItemsTests;
				PRODUCT_NAME = "$(TARGET_NAME)";
				SWIFT_VERSION = 3.0;
				TEST_HOST = "$(BUILT_PRODUCTS_DIR)/olxItems.app/olxItems";
			};
			name = Debug;
		};
		FB20FADC1EFECFA4007CB81B /* Release */ = {
			isa = XCBuildConfiguration;
			buildSettings = {
				BUNDLE_LOADER = "$(TEST_HOST)";
				DEVELOPMENT_TEAM = AEWQUX8MPM;
				FRAMEWORK_SEARCH_PATHS = (
					"$(inherited)",
					"$(PROJECT_DIR)/Carthage/Build/iOS",
				);
				INFOPLIST_FILE = olxItemsTests/Info.plist;
				LD_RUNPATH_SEARCH_PATHS = "$(inherited) @executable_path/Frameworks @loader_path/Frameworks";
				PRODUCT_BUNDLE_IDENTIFIER = com.dansTeam.olxItemsTests;
				PRODUCT_NAME = "$(TARGET_NAME)";
				SWIFT_VERSION = 3.0;
				TEST_HOST = "$(BUILT_PRODUCTS_DIR)/olxItems.app/olxItems";
			};
			name = Release;
		};
/* End XCBuildConfiguration section */

/* Begin XCConfigurationList section */
		FB20FAA31EFEB9DC007CB81B /* Build configuration list for PBXProject "olxItems" */ = {
			isa = XCConfigurationList;
			buildConfigurations = (
				FB20FAB81EFEB9DC007CB81B /* Debug */,
				FB20FAB91EFEB9DC007CB81B /* Release */,
			);
			defaultConfigurationIsVisible = 0;
			defaultConfigurationName = Release;
		};
		FB20FABA1EFEB9DC007CB81B /* Build configuration list for PBXNativeTarget "olxItems" */ = {
			isa = XCConfigurationList;
			buildConfigurations = (
				FB20FABB1EFEB9DC007CB81B /* Debug */,
				FB20FABC1EFEB9DC007CB81B /* Release */,
			);
			defaultConfigurationIsVisible = 0;
			defaultConfigurationName = Release;
		};
		FB20FADA1EFECFA4007CB81B /* Build configuration list for PBXNativeTarget "olxItemsTests" */ = {
			isa = XCConfigurationList;
			buildConfigurations = (
				FB20FADB1EFECFA4007CB81B /* Debug */,
				FB20FADC1EFECFA4007CB81B /* Release */,
			);
			defaultConfigurationIsVisible = 0;
			defaultConfigurationName = Release;
		};
/* End XCConfigurationList section */
	};
	rootObject = FB20FAA01EFEB9DC007CB81B /* Project object */;
}
